
Microsoft Visual Studio Solution File, Format Version 12.00
# Visual Studio Version 17
VisualStudioVersion = 17.13.35913.81
MinimumVisualStudioVersion = 10.0.40219.1
Project("{2150E333-8FDC-42A3-9474-1A3956D46DE8}") = "Services", "Services", "{02EA681E-C7D8-13C7-8484-4AC65E1B71E8}"
EndProject
Project("{2150E333-8FDC-42A3-9474-1A3956D46DE8}") = "Catalog", "Catalog", "{3884481D-9335-45ED-8111-218514E2A54C}"
EndProject
Project("{FAE04EC0-301F-11D3-BF4B-00C04F79EFBC}") = "Catalog.API", "Services\Catalog\Catalog.API\Catalog.API.csproj", "{9F5D25B2-0A2E-4B66-A782-3D3842AB6981}"
EndProject
Project("{2150E333-8FDC-42A3-9474-1A3956D46DE8}") = "BuildingBlocks", "BuildingBlocks", "{D0B02F41-9A76-4A3B-B556-D65BB8869794}"
EndProject
Project("{FAE04EC0-301F-11D3-BF4B-00C04F79EFBC}") = "BuildingBlocks", "BuildingBlocks\BuildingBlocks\BuildingBlocks.csproj", "{9B78FD8C-16BF-4D44-B216-FDAB45741EC8}"
EndProject
Project("{E53339B2-1760-4266-BCC7-CA923CBCF16C}") = "docker-compose", "docker-compose.dcproj", "{81DDED9D-158B-E303-5F62-77A2896D2A5A}"
EndProject
Project("{2150E333-8FDC-42A3-9474-1A3956D46DE8}") = "Basket", "Basket", "{54B4EE2D-0B89-4A9E-8035-055601155188}"
EndProject
Project("{FAE04EC0-301F-11D3-BF4B-00C04F79EFBC}") = "Basket.API", "Services\Basket\Basket.API\Basket.API.csproj", "{2F37514E-8F52-4A0F-8692-ABDF6878EF80}"
EndProject
Project("{2150E333-8FDC-42A3-9474-1A3956D46DE8}") = "Discount", "Discount", "{EA7CFA78-5A56-4EB2-98DD-318D4647E9E6}"
EndProject
Project("{FAE04EC0-301F-11D3-BF4B-00C04F79EFBC}") = "Discount.Grpc", "Services\Discount\Discount.Grpc\Discount.Grpc.csproj", "{C55CA81A-1B1E-4145-94D1-382F2D2968FC}"
EndProject
Project("{2150E333-8FDC-42A3-9474-1A3956D46DE8}") = "Ordering", "Ordering", "{5F01FF8C-CC47-42BD-8541-F96A959A133D}"
EndProject
Project("{FAE04EC0-301F-11D3-BF4B-00C04F79EFBC}") = "Ordering.API", "Services\Ordering\Ordering.API\Ordering.API.csproj", "{997C369F-1B33-40CC-86BC-F980780175EF}"
EndProject
Project("{FAE04EC0-301F-11D3-BF4B-00C04F79EFBC}") = "Ordering.Domain", "Services\Ordering\Ordering.Domain\Ordering.Domain.csproj", "{EE89BB58-6FAA-4F76-B301-2CCDD3AC5720}"
EndProject
Project("{FAE04EC0-301F-11D3-BF4B-00C04F79EFBC}") = "Ordering.Application", "Services\Ordering\Ordering.Application\Ordering.Application.csproj", "{1F2E778A-9207-47DC-A831-7A165278B3A5}"
EndProject
Project("{FAE04EC0-301F-11D3-BF4B-00C04F79EFBC}") = "Ordering.Infrastructure", "Services\Ordering\Ordering.Infrastructure\Ordering.Infrastructure.csproj", "{99C9A794-E633-4BE0-A7FB-186F5D74BBA1}"
EndProject
Project("{FAE04EC0-301F-11D3-BF4B-00C04F79EFBC}") = "BuildingBlocks.Messaging", "BuildingBlocks\BuildingBlocks.Messaging\BuildingBlocks.Messaging.csproj", "{89BAC107-D3FD-49E8-5F7A-216B1D4B0E1F}"
EndProject
Project("{2150E333-8FDC-42A3-9474-1A3956D46DE8}") = "ApiGateways", "ApiGateways", "{63371109-78FA-47FF-8B5F-B500EA67C506}"
EndProject
Project("{FAE04EC0-301F-11D3-BF4B-00C04F79EFBC}") = "YarpApiGateway", "ApiGateways\YarpApiGateway\YarpApiGateway.csproj", "{D494DF01-21EA-4DE4-8E9C-8BD25F8FEC51}"
EndProject
Global
	GlobalSection(SolutionConfigurationPlatforms) = preSolution
		Debug|Any CPU = Debug|Any CPU
		Release|Any CPU = Release|Any CPU
	EndGlobalSection
	GlobalSection(ProjectConfigurationPlatforms) = postSolution
		{9F5D25B2-0A2E-4B66-A782-3D3842AB6981}.Debug|Any CPU.ActiveCfg = Debug|Any CPU
		{9F5D25B2-0A2E-4B66-A782-3D3842AB6981}.Debug|Any CPU.Build.0 = Debug|Any CPU
		{9F5D25B2-0A2E-4B66-A782-3D3842AB6981}.Release|Any CPU.ActiveCfg = Release|Any CPU
		{9F5D25B2-0A2E-4B66-A782-3D3842AB6981}.Release|Any CPU.Build.0 = Release|Any CPU
		{9B78FD8C-16BF-4D44-B216-FDAB45741EC8}.Debug|Any CPU.ActiveCfg = Debug|Any CPU
		{9B78FD8C-16BF-4D44-B216-FDAB45741EC8}.Debug|Any CPU.Build.0 = Debug|Any CPU
		{9B78FD8C-16BF-4D44-B216-FDAB45741EC8}.Release|Any CPU.ActiveCfg = Release|Any CPU
		{9B78FD8C-16BF-4D44-B216-FDAB45741EC8}.Release|Any CPU.Build.0 = Release|Any CPU
		{81DDED9D-158B-E303-5F62-77A2896D2A5A}.Debug|Any CPU.ActiveCfg = Debug|Any CPU
		{81DDED9D-158B-E303-5F62-77A2896D2A5A}.Debug|Any CPU.Build.0 = Debug|Any CPU
		{81DDED9D-158B-E303-5F62-77A2896D2A5A}.Release|Any CPU.ActiveCfg = Release|Any CPU
		{81DDED9D-158B-E303-5F62-77A2896D2A5A}.Release|Any CPU.Build.0 = Release|Any CPU
		{2F37514E-8F52-4A0F-8692-ABDF6878EF80}.Debug|Any CPU.ActiveCfg = Debug|Any CPU
		{2F37514E-8F52-4A0F-8692-ABDF6878EF80}.Debug|Any CPU.Build.0 = Debug|Any CPU
		{2F37514E-8F52-4A0F-8692-ABDF6878EF80}.Release|Any CPU.ActiveCfg = Release|Any CPU
		{2F37514E-8F52-4A0F-8692-ABDF6878EF80}.Release|Any CPU.Build.0 = Release|Any CPU
		{C55CA81A-1B1E-4145-94D1-382F2D2968FC}.Debug|Any CPU.ActiveCfg = Debug|Any CPU
		{C55CA81A-1B1E-4145-94D1-382F2D2968FC}.Debug|Any CPU.Build.0 = Debug|Any CPU
		{C55CA81A-1B1E-4145-94D1-382F2D2968FC}.Release|Any CPU.ActiveCfg = Release|Any CPU
		{C55CA81A-1B1E-4145-94D1-382F2D2968FC}.Release|Any CPU.Build.0 = Release|Any CPU
		{997C369F-1B33-40CC-86BC-F980780175EF}.Debug|Any CPU.ActiveCfg = Debug|Any CPU
		{997C369F-1B33-40CC-86BC-F980780175EF}.Debug|Any CPU.Build.0 = Debug|Any CPU
		{997C369F-1B33-40CC-86BC-F980780175EF}.Release|Any CPU.ActiveCfg = Release|Any CPU
		{997C369F-1B33-40CC-86BC-F980780175EF}.Release|Any CPU.Build.0 = Release|Any CPU
		{EE89BB58-6FAA-4F76-B301-2CCDD3AC5720}.Debug|Any CPU.ActiveCfg = Debug|Any CPU
		{EE89BB58-6FAA-4F76-B301-2CCDD3AC5720}.Debug|Any CPU.Build.0 = Debug|Any CPU
		{EE89BB58-6FAA-4F76-B301-2CCDD3AC5720}.Release|Any CPU.ActiveCfg = Release|Any CPU
		{EE89BB58-6FAA-4F76-B301-2CCDD3AC5720}.Release|Any CPU.Build.0 = Release|Any CPU
		{1F2E778A-9207-47DC-A831-7A165278B3A5}.Debug|Any CPU.ActiveCfg = Debug|Any CPU
		{1F2E778A-9207-47DC-A831-7A165278B3A5}.Debug|Any CPU.Build.0 = Debug|Any CPU
		{1F2E778A-9207-47DC-A831-7A165278B3A5}.Release|Any CPU.ActiveCfg = Release|Any CPU
		{1F2E778A-9207-47DC-A831-7A165278B3A5}.Release|Any CPU.Build.0 = Release|Any CPU
		{99C9A794-E633-4BE0-A7FB-186F5D74BBA1}.Debug|Any CPU.ActiveCfg = Debug|Any CPU
		{99C9A794-E633-4BE0-A7FB-186F5D74BBA1}.Debug|Any CPU.Build.0 = Debug|Any CPU
		{99C9A794-E633-4BE0-A7FB-186F5D74BBA1}.Release|Any CPU.ActiveCfg = Release|Any CPU
		{99C9A794-E633-4BE0-A7FB-186F5D74BBA1}.Release|Any CPU.Build.0 = Release|Any CPU
		{89BAC107-D3FD-49E8-5F7A-216B1D4B0E1F}.Debug|Any CPU.ActiveCfg = Debug|Any CPU
		{89BAC107-D3FD-49E8-5F7A-216B1D4B0E1F}.Debug|Any CPU.Build.0 = Debug|Any CPU
		{89BAC107-D3FD-49E8-5F7A-216B1D4B0E1F}.Release|Any CPU.ActiveCfg = Release|Any CPU
		{89BAC107-D3FD-49E8-5F7A-216B1D4B0E1F}.Release|Any CPU.Build.0 = Release|Any CPU
		{D494DF01-21EA-4DE4-8E9C-8BD25F8FEC51}.Debug|Any CPU.ActiveCfg = Debug|Any CPU
		{D494DF01-21EA-4DE4-8E9C-8BD25F8FEC51}.Debug|Any CPU.Build.0 = Debug|Any CPU
		{D494DF01-21EA-4DE4-8E9C-8BD25F8FEC51}.Release|Any CPU.ActiveCfg = Release|Any CPU
		{D494DF01-21EA-4DE4-8E9C-8BD25F8FEC51}.Release|Any CPU.Build.0 = Release|Any CPU
	EndGlobalSection
	GlobalSection(SolutionProperties) = preSolution
		HideSolutionNode = FALSE
	EndGlobalSection
	GlobalSection(NestedProjects) = preSolution
		{3884481D-9335-45ED-8111-218514E2A54C} = {02EA681E-C7D8-13C7-8484-4AC65E1B71E8}
		{9F5D25B2-0A2E-4B66-A782-3D3842AB6981} = {3884481D-9335-45ED-8111-218514E2A54C}
		{9B78FD8C-16BF-4D44-B216-FDAB45741EC8} = {D0B02F41-9A76-4A3B-B556-D65BB8869794}
		{54B4EE2D-0B89-4A9E-8035-055601155188} = {02EA681E-C7D8-13C7-8484-4AC65E1B71E8}
		{2F37514E-8F52-4A0F-8692-ABDF6878EF80} = {54B4EE2D-0B89-4A9E-8035-055601155188}
		{EA7CFA78-5A56-4EB2-98DD-318D4647E9E6} = {02EA681E-C7D8-13C7-8484-4AC65E1B71E8}
		{C55CA81A-1B1E-4145-94D1-382F2D2968FC} = {EA7CFA78-5A56-4EB2-98DD-318D4647E9E6}
		{5F01FF8C-CC47-42BD-8541-F96A959A133D} = {02EA681E-C7D8-13C7-8484-4AC65E1B71E8}
		{997C369F-1B33-40CC-86BC-F980780175EF} = {5F01FF8C-CC47-42BD-8541-F96A959A133D}
		{EE89BB58-6FAA-4F76-B301-2CCDD3AC5720} = {5F01FF8C-CC47-42BD-8541-F96A959A133D}
		{1F2E778A-9207-47DC-A831-7A165278B3A5} = {5F01FF8C-CC47-42BD-8541-F96A959A133D}
		{99C9A794-E633-4BE0-A7FB-186F5D74BBA1} = {5F01FF8C-CC47-42BD-8541-F96A959A133D}
		{89BAC107-D3FD-49E8-5F7A-216B1D4B0E1F} = {D0B02F41-9A76-4A3B-B556-D65BB8869794}
		{D494DF01-21EA-4DE4-8E9C-8BD25F8FEC51} = {63371109-78FA-47FF-8B5F-B500EA67C506}
	EndGlobalSection
	GlobalSection(ExtensibilityGlobals) = postSolution
		SolutionGuid = {74CF6A79-3309-42FD-B267-9AFC762DDC79}
	EndGlobalSection
EndGlobal
